
Microsoft Visual Studio Solution File, Format Version 12.00
# Visual Studio 15
VisualStudioVersion = 15.0.27130.2036
MinimumVisualStudioVersion = 10.0.40219.1
Project("{FAE04EC0-301F-11D3-BF4B-00C04F79EFBC}") = "RemotingExample", "RemotingExample\RemotingExample.csproj", "{9E30D722-757E-46D4-B988-3D57834ABEA0}"
EndProject
Project("{FAE04EC0-301F-11D3-BF4B-00C04F79EFBC}") = "RemotingGUI", "RemotingGUI\RemotingGUI.csproj", "{F40E8AEC-9D0D-48B8-8152-331E9CD2381B}"
EndProject
Project("{FAE04EC0-301F-11D3-BF4B-00C04F79EFBC}") = "RemotingClient", "RemotingClient\RemotingClient.csproj", "{AA27B515-065E-464A-ABA3-FD90BCA76325}"
EndProject
Global
	GlobalSection(SolutionConfigurationPlatforms) = preSolution
		Debug|Any CPU = Debug|Any CPU
		Release|Any CPU = Release|Any CPU
	EndGlobalSection
	GlobalSection(ProjectConfigurationPlatforms) = postSolution
		{9E30D722-757E-46D4-B988-3D57834ABEA0}.Debug|Any CPU.ActiveCfg = Debug|Any CPU
		{9E30D722-757E-46D4-B988-3D57834ABEA0}.Debug|Any CPU.Build.0 = Debug|Any CPU
		{9E30D722-757E-46D4-B988-3D57834ABEA0}.Release|Any CPU.ActiveCfg = Release|Any CPU
		{9E30D722-757E-46D4-B988-3D57834ABEA0}.Release|Any CPU.Build.0 = Release|Any CPU
		{F40E8AEC-9D0D-48B8-8152-331E9CD2381B}.Debug|Any CPU.ActiveCfg = Debug|Any CPU
		{F40E8AEC-9D0D-48B8-8152-331E9CD2381B}.Debug|Any CPU.Build.0 = Debug|Any CPU
		{F40E8AEC-9D0D-48B8-8152-331E9CD2381B}.Release|Any CPU.ActiveCfg = Release|Any CPU
		{F40E8AEC-9D0D-48B8-8152-331E9CD2381B}.Release|Any CPU.Build.0 = Release|Any CPU
		{AA27B515-065E-464A-ABA3-FD90BCA76325}.Debug|Any CPU.ActiveCfg = Debug|Any CPU
		{AA27B515-065E-464A-ABA3-FD90BCA76325}.Debug|Any CPU.Build.0 = Debug|Any CPU
		{AA27B515-065E-464A-ABA3-FD90BCA76325}.Release|Any CPU.ActiveCfg = Release|Any CPU
		{AA27B515-065E-464A-ABA3-FD90BCA76325}.Release|Any CPU.Build.0 = Release|Any CPU
	EndGlobalSection
	GlobalSection(SolutionProperties) = preSolution
		HideSolutionNode = FALSE
	EndGlobalSection
	GlobalSection(ExtensibilityGlobals) = postSolution
		SolutionGuid = {FA96B06E-F12A-4462-B950-F984B2A427FE}
	EndGlobalSection
EndGlobal
